
Microsoft Visual Studio Solution File, Format Version 12.00
# Visual Studio Version 17
VisualStudioVersion = 17.4.33213.308
MinimumVisualStudioVersion = 10.0.40219.1
Project("{9A19103F-16F7-4668-BE54-9A1E7A4F7556}") = "zadanie", "zadanie.csproj", "{EBC4FF4A-B570-4BCE-94D7-6ED2D4A1C141}"
EndProject
Global
	GlobalSection(SolutionConfigurationPlatforms) = preSolution
		Debug|Any CPU = Debug|Any CPU
		Release|Any CPU = Release|Any CPU
	EndGlobalSection
	GlobalSection(ProjectConfigurationPlatforms) = postSolution
		{EBC4FF4A-B570-4BCE-94D7-6ED2D4A1C141}.Debug|Any CPU.ActiveCfg = Debug|Any CPU
		{EBC4FF4A-B570-4BCE-94D7-6ED2D4A1C141}.Debug|Any CPU.Build.0 = Debug|Any CPU
		{EBC4FF4A-B570-4BCE-94D7-6ED2D4A1C141}.Release|Any CPU.ActiveCfg = Release|Any CPU
		{EBC4FF4A-B570-4BCE-94D7-6ED2D4A1C141}.Release|Any CPU.Build.0 = Release|Any CPU
	EndGlobalSection
	GlobalSection(SolutionProperties) = preSolution
		HideSolutionNode = FALSE
	EndGlobalSection
	GlobalSection(ExtensibilityGlobals) = postSolution
		SolutionGuid = {EBB30E01-0F84-4206-B016-AC3ABA4F8FDE}
	EndGlobalSection
EndGlobal
